PODS:
  - DZNEmptyDataSet (1.8.1)
  - Eureka (3.0.0)
  - SwiftMessages (3.1.5)

DEPENDENCIES:
  - DZNEmptyDataSet (~> 1.8.1)
  - Eureka (~> 3.0.0)
  - SwiftMessages (~> 3.1.5)

SPEC CHECKSUMS:
  DZNEmptyDataSet: 9525833b9e68ac21c30253e1d3d7076cc828eaa7
  Eureka: f36fd440c3ebb7bfea0a4fbe6f16a05f1cb35906
  SwiftMessages: bb85d7c30e85256f9367214b0907e1f409e1870a

PODFILE CHECKSUM: eb685243a22a9b25a95639305561857675857c98

COCOAPODS: 1.2.1
