// !$*UTF8*$!
{
	archiveVersion = 1;
	classes = {
	};
	objectVersion = 46;
	objects = {

/* Begin PBXBuildFile section */
		433773061EDE3329005AE9E8 /* SelectPlayersViewController.swift in Sources */ = {isa = PBXBuildFile; fileRef = 433773051EDE3329005AE9E8 /* SelectPlayersViewController.swift */; };
		433BC1B21EDB927B005F9F02 /* AppDelegate.swift in Sources */ = {isa = PBXBuildFile; fileRef = 433BC1B11EDB927B005F9F02 /* AppDelegate.swift */; };
		433BC1B41EDB927B005F9F02 /* GameViewController.swift in Sources */ = {isa = PBXBuildFile; fileRef = 433BC1B31EDB927B005F9F02 /* GameViewController.swift */; };
		433BC1B71EDB927B005F9F02 /* Game.storyboard in Resources */ = {isa = PBXBuildFile; fileRef = 433BC1B51EDB927B005F9F02 /* Game.storyboard */; };
		433BC1BA1EDB927B005F9F02 /* tateti_ios_workshop.xcdatamodeld in Sources */ = {isa = PBXBuildFile; fileRef = 433BC1B81EDB927B005F9F02 /* tateti_ios_workshop.xcdatamodeld */; };
		433BC1BC1EDB927B005F9F02 /* Assets.xcassets in Resources */ = {isa = PBXBuildFile; fileRef = 433BC1BB1EDB927B005F9F02 /* Assets.xcassets */; };
		433BC1BF1EDB927B005F9F02 /* LaunchScreen.storyboard in Resources */ = {isa = PBXBuildFile; fileRef = 433BC1BD1EDB927B005F9F02 /* LaunchScreen.storyboard */; };
		43D014DB1EDCA22A0035447D /* Ranking.storyboard in Resources */ = {isa = PBXBuildFile; fileRef = 43D014DA1EDCA22A0035447D /* Ranking.storyboard */; };
		43D014DD1EDCA3870035447D /* MainViewController.swift in Sources */ = {isa = PBXBuildFile; fileRef = 43D014DC1EDCA3870035447D /* MainViewController.swift */; };
		43D014DF1EDCA3DF0035447D /* RankingViewController.swift in Sources */ = {isa = PBXBuildFile; fileRef = 43D014DE1EDCA3DF0035447D /* RankingViewController.swift */; };
		43D014E11EDCA9620035447D /* PlayerViewController.swift in Sources */ = {isa = PBXBuildFile; fileRef = 43D014E01EDCA9620035447D /* PlayerViewController.swift */; };
		43D014E71EDD219C0035447D /* PlayerPresenter.swift in Sources */ = {isa = PBXBuildFile; fileRef = 43D014E61EDD219C0035447D /* PlayerPresenter.swift */; };
		43E2EBD91EDC52470059BD02 /* Main.storyboard in Resources */ = {isa = PBXBuildFile; fileRef = 43E2EBD81EDC52470059BD02 /* Main.storyboard */; };
		518F35AE1EDF8E4000FAB37D /* RankingPresenter.swift in Sources */ = {isa = PBXBuildFile; fileRef = 518F35AD1EDF8E4000FAB37D /* RankingPresenter.swift */; };
		518F35B01EDF934E00FAB37D /* RankingView.swift in Sources */ = {isa = PBXBuildFile; fileRef = 518F35AF1EDF934E00FAB37D /* RankingView.swift */; };
		6A02FABFA58E5B2A6F6D3825 /* Pods_tateti_ios_workshop.framework in Frameworks */ = {isa = PBXBuildFile; fileRef = 1B0F27F2034E87F5327AFBF1 /* Pods_tateti_ios_workshop.framework */; };
/* End PBXBuildFile section */

/* Begin PBXFileReference section */
		0BCC49E737F6B894D04A6DD6 /* Pods-tateti-ios-workshop.debug.xcconfig */ = {isa = PBXFileReference; includeInIndex = 1; lastKnownFileType = text.xcconfig; name = "Pods-tateti-ios-workshop.debug.xcconfig"; path = "Pods/Target Support Files/Pods-tateti-ios-workshop/Pods-tateti-ios-workshop.debug.xcconfig"; sourceTree = "<group>"; };
		0D34EF0874BA1AC9A1890F42 /* Pods-tateti-ios-workshop.release.xcconfig */ = {isa = PBXFileReference; includeInIndex = 1; lastKnownFileType = text.xcconfig; name = "Pods-tateti-ios-workshop.release.xcconfig"; path = "Pods/Target Support Files/Pods-tateti-ios-workshop/Pods-tateti-ios-workshop.release.xcconfig"; sourceTree = "<group>"; };
		1B0F27F2034E87F5327AFBF1 /* Pods_tateti_ios_workshop.framework */ = {isa = PBXFileReference; explicitFileType = wrapper.framework; includeInIndex = 0; path = Pods_tateti_ios_workshop.framework; sourceTree = BUILT_PRODUCTS_DIR; };
		433773051EDE3329005AE9E8 /* SelectPlayersViewController.swift */ = {isa = PBXFileReference; fileEncoding = 4; lastKnownFileType = sourcecode.swift; path = SelectPlayersViewController.swift; sourceTree = "<group>"; };
		433BC1AE1EDB927B005F9F02 /* tateti-ios-workshop.app */ = {isa = PBXFileReference; explicitFileType = wrapper.application; includeInIndex = 0; path = "tateti-ios-workshop.app"; sourceTree = BUILT_PRODUCTS_DIR; };
		433BC1B11EDB927B005F9F02 /* AppDelegate.swift */ = {isa = PBXFileReference; lastKnownFileType = sourcecode.swift; path = AppDelegate.swift; sourceTree = "<group>"; };
		433BC1B31EDB927B005F9F02 /* GameViewController.swift */ = {isa = PBXFileReference; lastKnownFileType = sourcecode.swift; path = GameViewController.swift; sourceTree = "<group>"; };
		433BC1B61EDB927B005F9F02 /* Base */ = {isa = PBXFileReference; lastKnownFileType = file.storyboard; name = Base; path = Base.lproj/Game.storyboard; sourceTree = "<group>"; };
		433BC1B91EDB927B005F9F02 /* tateti_ios_workshop.xcdatamodel */ = {isa = PBXFileReference; lastKnownFileType = wrapper.xcdatamodel; path = tateti_ios_workshop.xcdatamodel; sourceTree = "<group>"; };
		433BC1BB1EDB927B005F9F02 /* Assets.xcassets */ = {isa = PBXFileReference; lastKnownFileType = folder.assetcatalog; path = Assets.xcassets; sourceTree = "<group>"; };
		433BC1BE1EDB927B005F9F02 /* Base */ = {isa = PBXFileReference; lastKnownFileType = file.storyboard; name = Base; path = Base.lproj/LaunchScreen.storyboard; sourceTree = "<group>"; };
		433BC1C01EDB927B005F9F02 /* Info.plist */ = {isa = PBXFileReference; lastKnownFileType = text.plist.xml; path = Info.plist; sourceTree = "<group>"; };
		43D014DA1EDCA22A0035447D /* Ranking.storyboard */ = {isa = PBXFileReference; fileEncoding = 4; lastKnownFileType = file.storyboard; path = Ranking.storyboard; sourceTree = "<group>"; };
		43D014DC1EDCA3870035447D /* MainViewController.swift */ = {isa = PBXFileReference; fileEncoding = 4; lastKnownFileType = sourcecode.swift; path = MainViewController.swift; sourceTree = "<group>"; };
		43D014DE1EDCA3DF0035447D /* RankingViewController.swift */ = {isa = PBXFileReference; fileEncoding = 4; lastKnownFileType = sourcecode.swift; path = RankingViewController.swift; sourceTree = "<group>"; };
		43D014E01EDCA9620035447D /* PlayerViewController.swift */ = {isa = PBXFileReference; fileEncoding = 4; lastKnownFileType = sourcecode.swift; path = PlayerViewController.swift; sourceTree = "<group>"; };
		43D014E61EDD219C0035447D /* PlayerPresenter.swift */ = {isa = PBXFileReference; fileEncoding = 4; lastKnownFileType = sourcecode.swift; path = PlayerPresenter.swift; sourceTree = "<group>"; };
		43E2EBD81EDC52470059BD02 /* Main.storyboard */ = {isa = PBXFileReference; fileEncoding = 4; lastKnownFileType = file.storyboard; path = Main.storyboard; sourceTree = "<group>"; };
		518F35AD1EDF8E4000FAB37D /* RankingPresenter.swift */ = {isa = PBXFileReference; fileEncoding = 4; lastKnownFileType = sourcecode.swift; path = RankingPresenter.swift; sourceTree = "<group>"; };
		518F35AF1EDF934E00FAB37D /* RankingView.swift */ = {isa = PBXFileReference; fileEncoding = 4; lastKnownFileType = sourcecode.swift; path = RankingView.swift; sourceTree = "<group>"; };
/* End PBXFileReference section */

/* Begin PBXFrameworksBuildPhase section */
		433BC1AB1EDB927B005F9F02 /* Frameworks */ = {
			isa = PBXFrameworksBuildPhase;
			buildActionMask = 2147483647;
			files = (
				6A02FABFA58E5B2A6F6D3825 /* Pods_tateti_ios_workshop.framework in Frameworks */,
			);
			runOnlyForDeploymentPostprocessing = 0;
		};
/* End PBXFrameworksBuildPhase section */

/* Begin PBXGroup section */
		433BC1A51EDB927B005F9F02 = {
			isa = PBXGroup;
			children = (
				433BC1B01EDB927B005F9F02 /* tateti-ios-workshop */,
				433BC1AF1EDB927B005F9F02 /* Products */,
				698E7DDAB44133068CC07E8D /* Pods */,
				4FDADCBD1E5D19217150964E /* Frameworks */,
			);
			sourceTree = "<group>";
		};
		433BC1AF1EDB927B005F9F02 /* Products */ = {
			isa = PBXGroup;
			children = (
				433BC1AE1EDB927B005F9F02 /* tateti-ios-workshop.app */,
			);
			name = Products;
			sourceTree = "<group>";
		};
		433BC1B01EDB927B005F9F02 /* tateti-ios-workshop */ = {
			isa = PBXGroup;
			children = (
				433BC1B11EDB927B005F9F02 /* AppDelegate.swift */,
				433BC1B31EDB927B005F9F02 /* GameViewController.swift */,
				433BC1B51EDB927B005F9F02 /* Game.storyboard */,
				433BC1BB1EDB927B005F9F02 /* Assets.xcassets */,
				433BC1BD1EDB927B005F9F02 /* LaunchScreen.storyboard */,
				433BC1C01EDB927B005F9F02 /* Info.plist */,
				433BC1B81EDB927B005F9F02 /* tateti_ios_workshop.xcdatamodeld */,
				43E2EBD81EDC52470059BD02 /* Main.storyboard */,
				43D014DA1EDCA22A0035447D /* Ranking.storyboard */,
				43D014DC1EDCA3870035447D /* MainViewController.swift */,
				43D014DE1EDCA3DF0035447D /* RankingViewController.swift */,
				43D014E01EDCA9620035447D /* PlayerViewController.swift */,
				43D014E61EDD219C0035447D /* PlayerPresenter.swift */,
				433773051EDE3329005AE9E8 /* SelectPlayersViewController.swift */,
				518F35AD1EDF8E4000FAB37D /* RankingPresenter.swift */,
				518F35AF1EDF934E00FAB37D /* RankingView.swift */,
			);
			path = "tateti-ios-workshop";
			sourceTree = "<group>";
		};
		4FDADCBD1E5D19217150964E /* Frameworks */ = {
			isa = PBXGroup;
			children = (
				1B0F27F2034E87F5327AFBF1 /* Pods_tateti_ios_workshop.framework */,
			);
			name = Frameworks;
			sourceTree = "<group>";
		};
		698E7DDAB44133068CC07E8D /* Pods */ = {
			isa = PBXGroup;
			children = (
				0BCC49E737F6B894D04A6DD6 /* Pods-tateti-ios-workshop.debug.xcconfig */,
				0D34EF0874BA1AC9A1890F42 /* Pods-tateti-ios-workshop.release.xcconfig */,
			);
			name = Pods;
			sourceTree = "<group>";
		};
/* End PBXGroup section */

/* Begin PBXNativeTarget section */
		433BC1AD1EDB927B005F9F02 /* tateti-ios-workshop */ = {
			isa = PBXNativeTarget;
			buildConfigurationList = 433BC1C31EDB927B005F9F02 /* Build configuration list for PBXNativeTarget "tateti-ios-workshop" */;
			buildPhases = (
				C8687F27B3E9395FF1CBABCB /* [CP] Check Pods Manifest.lock */,
				433BC1AA1EDB927B005F9F02 /* Sources */,
				433BC1AB1EDB927B005F9F02 /* Frameworks */,
				433BC1AC1EDB927B005F9F02 /* Resources */,
				9CD9EBBD447C32443AF64208 /* [CP] Embed Pods Frameworks */,
				44217E21932C0C586F3DCEF8 /* [CP] Copy Pods Resources */,
			);
			buildRules = (
			);
			dependencies = (
			);
			name = "tateti-ios-workshop";
			productName = "tateti-ios-workshop";
			productReference = 433BC1AE1EDB927B005F9F02 /* tateti-ios-workshop.app */;
			productType = "com.apple.product-type.application";
		};
/* End PBXNativeTarget section */

/* Begin PBXProject section */
		433BC1A61EDB927B005F9F02 /* Project object */ = {
			isa = PBXProject;
			attributes = {
				LastSwiftUpdateCheck = 0830;
				LastUpgradeCheck = 0830;
				ORGANIZATIONNAME = agustindaguerre;
				TargetAttributes = {
					433BC1AD1EDB927B005F9F02 = {
						CreatedOnToolsVersion = 8.3.2;
						ProvisioningStyle = Automatic;
					};
				};
			};
			buildConfigurationList = 433BC1A91EDB927B005F9F02 /* Build configuration list for PBXProject "tateti-ios-workshop" */;
			compatibilityVersion = "Xcode 3.2";
			developmentRegion = English;
			hasScannedForEncodings = 0;
			knownRegions = (
				en,
				Base,
			);
			mainGroup = 433BC1A51EDB927B005F9F02;
			productRefGroup = 433BC1AF1EDB927B005F9F02 /* Products */;
			projectDirPath = "";
			projectRoot = "";
			targets = (
				433BC1AD1EDB927B005F9F02 /* tateti-ios-workshop */,
			);
		};
/* End PBXProject section */

/* Begin PBXResourcesBuildPhase section */
		433BC1AC1EDB927B005F9F02 /* Resources */ = {
			isa = PBXResourcesBuildPhase;
			buildActionMask = 2147483647;
			files = (
				433BC1BF1EDB927B005F9F02 /* LaunchScreen.storyboard in Resources */,
				433BC1BC1EDB927B005F9F02 /* Assets.xcassets in Resources */,
				433BC1B71EDB927B005F9F02 /* Game.storyboard in Resources */,
				43E2EBD91EDC52470059BD02 /* Main.storyboard in Resources */,
				43D014DB1EDCA22A0035447D /* Ranking.storyboard in Resources */,
			);
			runOnlyForDeploymentPostprocessing = 0;
		};
/* End PBXResourcesBuildPhase section */

/* Begin PBXShellScriptBuildPhase section */
		44217E21932C0C586F3DCEF8 /* [CP] Copy Pods Resources */ = {
			isa = PBXShellScriptBuildPhase;
			buildActionMask = 2147483647;
			files = (
			);
			inputPaths = (
			);
			name = "[CP] Copy Pods Resources";
			outputPaths = (
			);
			runOnlyForDeploymentPostprocessing = 0;
			shellPath = /bin/sh;
			shellScript = "\"${SRCROOT}/Pods/Target Support Files/Pods-tateti-ios-workshop/Pods-tateti-ios-workshop-resources.sh\"\n";
			showEnvVarsInLog = 0;
		};
		9CD9EBBD447C32443AF64208 /* [CP] Embed Pods Frameworks */ = {
			isa = PBXShellScriptBuildPhase;
			buildActionMask = 2147483647;
			files = (
			);
			inputPaths = (
			);
			name = "[CP] Embed Pods Frameworks";
			outputPaths = (
			);
			runOnlyForDeploymentPostprocessing = 0;
			shellPath = /bin/sh;
			shellScript = "\"${SRCROOT}/Pods/Target Support Files/Pods-tateti-ios-workshop/Pods-tateti-ios-workshop-frameworks.sh\"\n";
			showEnvVarsInLog = 0;
		};
		C8687F27B3E9395FF1CBABCB /* [CP] Check Pods Manifest.lock */ = {
			isa = PBXShellScriptBuildPhase;
			buildActionMask = 2147483647;
			files = (
			);
			inputPaths = (
			);
			name = "[CP] Check Pods Manifest.lock";
			outputPaths = (
			);
			runOnlyForDeploymentPostprocessing = 0;
			shellPath = /bin/sh;
			shellScript = "diff \"${PODS_PODFILE_DIR_PATH}/Podfile.lock\" \"${PODS_ROOT}/Manifest.lock\" > /dev/null\nif [ $? != 0 ] ; then\n    # print error to STDERR\n    echo \"error: The sandbox is not in sync with the Podfile.lock. Run 'pod install' or update your CocoaPods installation.\" >&2\n    exit 1\nfi\n";
			showEnvVarsInLog = 0;
		};
/* End PBXShellScriptBuildPhase section */

/* Begin PBXSourcesBuildPhase section */
		433BC1AA1EDB927B005F9F02 /* Sources */ = {
			isa = PBXSourcesBuildPhase;
			buildActionMask = 2147483647;
			files = (
				43D014DF1EDCA3DF0035447D /* RankingViewController.swift in Sources */,
				433773061EDE3329005AE9E8 /* SelectPlayersViewController.swift in Sources */,
				433BC1B41EDB927B005F9F02 /* GameViewController.swift in Sources */,
				433BC1BA1EDB927B005F9F02 /* tateti_ios_workshop.xcdatamodeld in Sources */,
				433BC1B21EDB927B005F9F02 /* AppDelegate.swift in Sources */,
				518F35AE1EDF8E4000FAB37D /* RankingPresenter.swift in Sources */,
				43D014DD1EDCA3870035447D /* MainViewController.swift in Sources */,
				518F35B01EDF934E00FAB37D /* RankingView.swift in Sources */,
				43D014E71EDD219C0035447D /* PlayerPresenter.swift in Sources */,
				43D014E11EDCA9620035447D /* PlayerViewController.swift in Sources */,
			);
			runOnlyForDeploymentPostprocessing = 0;
		};
/* End PBXSourcesBuildPhase section */

/* Begin PBXVariantGroup section */
		433BC1B51EDB927B005F9F02 /* Game.storyboard */ = {
			isa = PBXVariantGroup;
			children = (
				433BC1B61EDB927B005F9F02 /* Base */,
			);
			name = Game.storyboard;
			sourceTree = "<group>";
		};
		433BC1BD1EDB927B005F9F02 /* LaunchScreen.storyboard */ = {
			isa = PBXVariantGroup;
			children = (
				433BC1BE1EDB927B005F9F02 /* Base */,
			);
			name = LaunchScreen.storyboard;
			sourceTree = "<group>";
		};
/* End PBXVariantGroup section */

/* Begin XCBuildConfiguration section */
		433BC1C11EDB927B005F9F02 /* Debug */ = {
			isa = XCBuildConfiguration;
			buildSettings = {
				ALWAYS_SEARCH_USER_PATHS = NO;
				CLANG_ANALYZER_NONNULL = YES;
				CLANG_ANALYZER_NUMBER_OBJECT_CONVERSION = YES_AGGRESSIVE;
				CLANG_CXX_LANGUAGE_STANDARD = "gnu++0x";
				CLANG_CXX_LIBRARY = "libc++";
				CLANG_ENABLE_MODULES = YES;
				CLANG_ENABLE_OBJC_ARC = YES;
				CLANG_WARN_BOOL_CONVERSION = YES;
				CLANG_WARN_CONSTANT_CONVERSION = YES;
				CLANG_WARN_DIRECT_OBJC_ISA_USAGE = YES_ERROR;
				CLANG_WARN_DOCUMENTATION_COMMENTS = YES;
				CLANG_WARN_EMPTY_BODY = YES;
				CLANG_WARN_ENUM_CONVERSION = YES;
				CLANG_WARN_INFINITE_RECURSION = YES;
				CLANG_WARN_INT_CONVERSION = YES;
				CLANG_WARN_OBJC_ROOT_CLASS = YES_ERROR;
				CLANG_WARN_SUSPICIOUS_MOVE = YES;
				CLANG_WARN_UNREACHABLE_CODE = YES;
				CLANG_WARN__DUPLICATE_METHOD_MATCH = YES;
				"CODE_SIGN_IDENTITY[sdk=iphoneos*]" = "iPhone Developer";
				COPY_PHASE_STRIP = NO;
				DEBUG_INFORMATION_FORMAT = dwarf;
				ENABLE_STRICT_OBJC_MSGSEND = YES;
				ENABLE_TESTABILITY = YES;
				GCC_C_LANGUAGE_STANDARD = gnu99;
				GCC_DYNAMIC_NO_PIC = NO;
				GCC_NO_COMMON_BLOCKS = YES;
				GCC_OPTIMIZATION_LEVEL = 0;
				GCC_PREPROCESSOR_DEFINITIONS = (
					"DEBUG=1",
					"$(inherited)",
				);
				GCC_WARN_64_TO_32_BIT_CONVERSION = YES;
				GCC_WARN_ABOUT_RETURN_TYPE = YES_ERROR;
				GCC_WARN_UNDECLARED_SELECTOR = YES;
				GCC_WARN_UNINITIALIZED_AUTOS = YES_AGGRESSIVE;
				GCC_WARN_UNUSED_FUNCTION = YES;
				GCC_WARN_UNUSED_VARIABLE = YES;
				IPHONEOS_DEPLOYMENT_TARGET = 10.3;
				MTL_ENABLE_DEBUG_INFO = YES;
				ONLY_ACTIVE_ARCH = YES;
				SDKROOT = iphoneos;
				SWIFT_ACTIVE_COMPILATION_CONDITIONS = DEBUG;
				SWIFT_OPTIMIZATION_LEVEL = "-Onone";
				TARGETED_DEVICE_FAMILY = "1,2";
			};
			name = Debug;
		};
		433BC1C21EDB927B005F9F02 /* Release */ = {
			isa = XCBuildConfiguration;
			buildSettings = {
				ALWAYS_SEARCH_USER_PATHS = NO;
				CLANG_ANALYZER_NONNULL = YES;
				CLANG_ANALYZER_NUMBER_OBJECT_CONVERSION = YES_AGGRESSIVE;
				CLANG_CXX_LANGUAGE_STANDARD = "gnu++0x";
				CLANG_CXX_LIBRARY = "libc++";
				CLANG_ENABLE_MODULES = YES;
				CLANG_ENABLE_OBJC_ARC = YES;
				CLANG_WARN_BOOL_CONVERSION = YES;
				CLANG_WARN_CONSTANT_CONVERSION = YES;
				CLANG_WARN_DIRECT_OBJC_ISA_USAGE = YES_ERROR;
				CLANG_WARN_DOCUMENTATION_COMMENTS = YES;
				CLANG_WARN_EMPTY_BODY = YES;
				CLANG_WARN_ENUM_CONVERSION = YES;
				CLANG_WARN_INFINITE_RECURSION = YES;
				CLANG_WARN_INT_CONVERSION = YES;
				CLANG_WARN_OBJC_ROOT_CLASS = YES_ERROR;
				CLANG_WARN_SUSPICIOUS_MOVE = YES;
				CLANG_WARN_UNREACHABLE_CODE = YES;
				CLANG_WARN__DUPLICATE_METHOD_MATCH = YES;
				"CODE_SIGN_IDENTITY[sdk=iphoneos*]" = "iPhone Developer";
				COPY_PHASE_STRIP = NO;
				DEBUG_INFORMATION_FORMAT = "dwarf-with-dsym";
				ENABLE_NS_ASSERTIONS = NO;
				ENABLE_STRICT_OBJC_MSGSEND = YES;
				GCC_C_LANGUAGE_STANDARD = gnu99;
				GCC_NO_COMMON_BLOCKS = YES;
				GCC_WARN_64_TO_32_BIT_CONVERSION = YES;
				GCC_WARN_ABOUT_RETURN_TYPE = YES_ERROR;
				GCC_WARN_UNDECLARED_SELECTOR = YES;
				GCC_WARN_UNINITIALIZED_AUTOS = YES_AGGRESSIVE;
				GCC_WARN_UNUSED_FUNCTION = YES;
				GCC_WARN_UNUSED_VARIABLE = YES;
				IPHONEOS_DEPLOYMENT_TARGET = 10.3;
				MTL_ENABLE_DEBUG_INFO = NO;
				SDKROOT = iphoneos;
				SWIFT_OPTIMIZATION_LEVEL = "-Owholemodule";
				TARGETED_DEVICE_FAMILY = "1,2";
				VALIDATE_PRODUCT = YES;
			};
			name = Release;
		};
		433BC1C41EDB927B005F9F02 /* Debug */ = {
			isa = XCBuildConfiguration;
			baseConfigurationReference = 0BCC49E737F6B894D04A6DD6 /* Pods-tateti-ios-workshop.debug.xcconfig */;
			buildSettings = {
				ASSETCATALOG_COMPILER_APPICON_NAME = AppIcon;
				DEVELOPMENT_TEAM = "";
				INFOPLIST_FILE = "tateti-ios-workshop/Info.plist";
				IPHONEOS_DEPLOYMENT_TARGET = 10.2;
				LD_RUNPATH_SEARCH_PATHS = "$(inherited) @executable_path/Frameworks";
				PRODUCT_BUNDLE_IDENTIFIER = "com.assignment.tateti-ios-workshop";
				PRODUCT_NAME = "$(TARGET_NAME)";
				SWIFT_VERSION = 3.0;
			};
			name = Debug;
		};
		433BC1C51EDB927B005F9F02 /* Release */ = {
			isa = XCBuildConfiguration;
			baseConfigurationReference = 0D34EF0874BA1AC9A1890F42 /* Pods-tateti-ios-workshop.release.xcconfig */;
			buildSettings = {
				ASSETCATALOG_COMPILER_APPICON_NAME = AppIcon;
				DEVELOPMENT_TEAM = "";
				INFOPLIST_FILE = "tateti-ios-workshop/Info.plist";
				IPHONEOS_DEPLOYMENT_TARGET = 10.2;
				LD_RUNPATH_SEARCH_PATHS = "$(inherited) @executable_path/Frameworks";
				PRODUCT_BUNDLE_IDENTIFIER = "com.assignment.tateti-ios-workshop";
				PRODUCT_NAME = "$(TARGET_NAME)";
				SWIFT_VERSION = 3.0;
			};
			name = Release;
		};
/* End XCBuildConfiguration section */

/* Begin XCConfigurationList section */
		433BC1A91EDB927B005F9F02 /* Build configuration list for PBXProject "tateti-ios-workshop" */ = {
			isa = XCConfigurationList;
			buildConfigurations = (
				433BC1C11EDB927B005F9F02 /* Debug */,
				433BC1C21EDB927B005F9F02 /* Release */,
			);
			defaultConfigurationIsVisible = 0;
			defaultConfigurationName = Release;
		};
		433BC1C31EDB927B005F9F02 /* Build configuration list for PBXNativeTarget "tateti-ios-workshop" */ = {
			isa = XCConfigurationList;
			buildConfigurations = (
				433BC1C41EDB927B005F9F02 /* Debug */,
				433BC1C51EDB927B005F9F02 /* Release */,
			);
			defaultConfigurationIsVisible = 0;
			defaultConfigurationName = Release;
		};
/* End XCConfigurationList section */

/* Begin XCVersionGroup section */
		433BC1B81EDB927B005F9F02 /* tateti_ios_workshop.xcdatamodeld */ = {
			isa = XCVersionGroup;
			children = (
				433BC1B91EDB927B005F9F02 /* tateti_ios_workshop.xcdatamodel */,
			);
			currentVersion = 433BC1B91EDB927B005F9F02 /* tateti_ios_workshop.xcdatamodel */;
			path = tateti_ios_workshop.xcdatamodeld;
			sourceTree = "<group>";
			versionGroupType = wrapper.xcdatamodel;
		};
/* End XCVersionGroup section */
	};
	rootObject = 433BC1A61EDB927B005F9F02 /* Project object */;
}
